<?xml version="1.0" encoding="utf-8"?>
<Project ToolsVersion="4.0" xmlns="http://schemas.microsoft.com/developer/msbuild/2003">
  <ItemGroup>
    <ClCompile Include="jni\core\common-help.cpp" />
    <ClCompile Include="jni\core\lua-hotload.cpp" />
    <ClCompile Include="jni\core\substrate-hook.cpp" />
    <ClCompile Include="jni\injector\android-injector.cpp" />
    <ClCompile Include="jni\injector\injector.cpp" />
    <ClCompile Include="jni\json\json_reader.cpp" />
    <ClCompile Include="jni\json\json_value.cpp" />
    <ClCompile Include="jni\json\json_writer.cpp" />
  </ItemGroup>
  <ItemGroup>
    <ClInclude Include="jni\include\core\common-help.h" />
    <ClInclude Include="jni\include\core\logger.h" />
    <ClInclude Include="jni\include\core\substrate-hook.h" />
    <ClInclude Include="jni\include\event2\buffer.h" />
    <ClInclude Include="jni\include\event2\buffer_compat.h" />
    <ClInclude Include="jni\include\event2\bufferevent.h" />
    <ClInclude Include="jni\include\event2\bufferevent_compat.h" />
    <ClInclude Include="jni\include\event2\bufferevent_ssl.h" />
    <ClInclude Include="jni\include\event2\bufferevent_struct.h" />
    <ClInclude Include="jni\include\event2\dns.h" />
    <ClInclude Include="jni\include\event2\dns_compat.h" />
    <ClInclude Include="jni\include\event2\dns_struct.h" />
    <ClInclude Include="jni\include\event2\event.h" />
    <ClInclude Include="jni\include\event2\event_compat.h" />
    <ClInclude Include="jni\include\event2\event_struct.h" />
    <ClInclude Include="jni\include\event2\event-config.h" />
    <ClInclude Include="jni\include\event2\http.h" />
    <ClInclude Include="jni\include\event2\http_compat.h" />
    <ClInclude Include="jni\include\event2\http_struct.h" />
    <ClInclude Include="jni\include\event2\keyvalq_struct.h" />
    <ClInclude Include="jni\include\event2\listener.h" />
    <ClInclude Include="jni\include\event2\rpc.h" />
    <ClInclude Include="jni\include\event2\rpc_compat.h" />
    <ClInclude Include="jni\include\event2\rpc_struct.h" />
    <ClInclude Include="jni\include\event2\tag.h" />
    <ClInclude Include="jni\include\event2\tag_compat.h" />
    <ClInclude Include="jni\include\event2\thread.h" />
    <ClInclude Include="jni\include\event2\util.h" />
    <ClInclude Include="jni\include\json\assertions.h" />
    <ClInclude Include="jni\include\json\autolink.h" />
    <ClInclude Include="jni\include\json\config.h" />
    <ClInclude Include="jni\include\json\features.h" />
    <ClInclude Include="jni\include\json\forwards.h" />
    <ClInclude Include="jni\include\json\json.h" />
    <ClInclude Include="jni\include\json\reader.h" />
    <ClInclude Include="jni\include\json\value.h" />
    <ClInclude Include="jni\include\json\version.h" />
    <ClInclude Include="jni\include\json\writer.h" />
    <ClInclude Include="jni\include\lua\5.1\lapi.h" />
    <ClInclude Include="jni\include\lua\5.1\lauxlib.h" />
    <ClInclude Include="jni\include\lua\5.1\lcode.h" />
    <ClInclude Include="jni\include\lua\5.1\ldebug.h" />
    <ClInclude Include="jni\include\lua\5.1\ldo.h" />
    <ClInclude Include="jni\include\lua\5.1\lfunc.h" />
    <ClInclude Include="jni\include\lua\5.1\lgc.h" />
    <ClInclude Include="jni\include\lua\5.1\llex.h" />
    <ClInclude Include="jni\include\lua\5.1\llimits.h" />
    <ClInclude Include="jni\include\lua\5.1\lmem.h" />
    <ClInclude Include="jni\include\lua\5.1\lobject.h" />
    <ClInclude Include="jni\include\lua\5.1\lopcodes.h" />
    <ClInclude Include="jni\include\lua\5.1\lparser.h" />
    <ClInclude Include="jni\include\lua\5.1\lstate.h" />
    <ClInclude Include="jni\include\lua\5.1\lstring.h" />
    <ClInclude Include="jni\include\lua\5.1\ltable.h" />
    <ClInclude Include="jni\include\lua\5.1\ltm.h" />
    <ClInclude Include="jni\include\lua\5.1\lua.h" />
    <ClInclude Include="jni\include\lua\5.1\luaconf.h" />
    <ClInclude Include="jni\include\lua\5.1\lualib.h" />
    <ClInclude Include="jni\include\lua\5.1\lundump.h" />
    <ClInclude Include="jni\include\lua\5.1\lvm.h" />
    <ClInclude Include="jni\include\lua\5.1\lzio.h" />
    <ClInclude Include="jni\include\bufferevent-internal.h" />
    <ClInclude Include="jni\include\changelist-internal.h" />
    <ClInclude Include="jni\include\defer-internal.h" />
    <ClInclude Include="jni\include\evbuffer-internal.h" />
    <ClInclude Include="jni\include\evdns.h" />
    <ClInclude Include="jni\include\event.h" />
    <ClInclude Include="jni\include\event-internal.h" />
    <ClInclude Include="jni\include\evhttp.h" />
    <ClInclude Include="jni\include\evmap-internal.h" />
    <ClInclude Include="jni\include\evrpc.h" />
    <ClInclude Include="jni\include\evrpc-internal.h" />
    <ClInclude Include="jni\include\evsignal-internal.h" />
    <ClInclude Include="jni\include\evthread-internal.h" />
    <ClInclude Include="jni\include\evutil.h" />
    <ClInclude Include="jni\include\ht-internal.h" />
    <ClInclude Include="jni\include\http-internal.h" />
    <ClInclude Include="jni\include\iocp-internal.h" />
    <ClInclude Include="jni\include\ipv6-internal.h" />
    <ClInclude Include="jni\include\log-internal.h" />
    <ClInclude Include="jni\include\minheap-internal.h" />
    <ClInclude Include="jni\include\mm-internal.h" />
    <ClInclude Include="jni\include\ratelim-internal.h" />
    <ClInclude Include="jni\include\strlcpy-internal.h" />
    <ClInclude Include="jni\include\util-internal.h" />
    <ClInclude Include="jni\injector\android-injector.h" />
    <ClInclude Include="jni\json\json_tool.h" />
  </ItemGroup>
  <ItemGroup>
    <None Include="jni\json\json_valueiterator.inl" />
  </ItemGroup>
</Project>